
Microsoft Visual Studio Solution File, Format Version 12.00
# Visual Studio Version 17
VisualStudioVersion = 17.5.33209.295
MinimumVisualStudioVersion = 10.0.40219.1
Project("{FAE04EC0-301F-11D3-BF4B-00C04F79EFBC}") = "TagEditor", "TagEditor.csproj", "{07BBC960-7E46-40B0-B939-9210BDCF027B}"
EndProject
Global
	GlobalSection(SolutionConfigurationPlatforms) = preSolution
		Debug|Any CPU = Debug|Any CPU
		Release|Any CPU = Release|Any CPU
	EndGlobalSection
	GlobalSection(ProjectConfigurationPlatforms) = postSolution
		{07BBC960-7E46-40B0-B939-9210BDCF027B}.Debug|Any CPU.ActiveCfg = Debug|Any CPU
		{07BBC960-7E46-40B0-B939-9210BDCF027B}.Debug|Any CPU.Build.0 = Debug|Any CPU
		{07BBC960-7E46-40B0-B939-9210BDCF027B}.Release|Any CPU.ActiveCfg = Release|Any CPU
		{07BBC960-7E46-40B0-B939-9210BDCF027B}.Release|Any CPU.Build.0 = Release|Any CPU
	EndGlobalSection
	GlobalSection(SolutionProperties) = preSolution
		HideSolutionNode = FALSE
	EndGlobalSection
	GlobalSection(ExtensibilityGlobals) = postSolution
		SolutionGuid = {6B713D80-CA40-45C4-8FE2-D072FF48CF08}
	EndGlobalSection
EndGlobal
